// !$*UTF8*$!
{
	archiveVersion = 1;
	classes = {
	};
	objectVersion = 56;
	objects = {

/* Begin PBXBuildFile section */
		5180F9C529DDBBAD0006920D /* SupportFiles.swift in Sources */ = {isa = PBXBuildFile; fileRef = 5180F9C429DDBBAD0006920D /* SupportFiles.swift */; };
		51AB8F3C29DDA9900054A083 /* Model.swift in Sources */ = {isa = PBXBuildFile; fileRef = 51AB8F3B29DDA9900054A083 /* Model.swift */; };
		51E5262E29DC5E5C00294B85 /* MMTestApp.swift in Sources */ = {isa = PBXBuildFile; fileRef = 51E5262D29DC5E5C00294B85 /* MMTestApp.swift */; };
		51E5263029DC5E5C00294B85 /* LoginPage.swift in Sources */ = {isa = PBXBuildFile; fileRef = 51E5262F29DC5E5C00294B85 /* LoginPage.swift */; };
		51E5263229DC5E5D00294B85 /* Assets.xcassets in Resources */ = {isa = PBXBuildFile; fileRef = 51E5263129DC5E5D00294B85 /* Assets.xcassets */; };
		51E5263529DC5E5D00294B85 /* Preview Assets.xcassets in Resources */ = {isa = PBXBuildFile; fileRef = 51E5263429DC5E5D00294B85 /* Preview Assets.xcassets */; };
		51E5263D29DC5F8C00294B85 /* Glaip in Frameworks */ = {isa = PBXBuildFile; productRef = 51E5263C29DC5F8C00294B85 /* Glaip */; };
		51E5263F29DC606300294B85 /* SecondView.swift in Sources */ = {isa = PBXBuildFile; fileRef = 51E5263E29DC606300294B85 /* SecondView.swift */; };
		51E5264129DC60F000294B85 /* WalletButtonView.swift in Sources */ = {isa = PBXBuildFile; fileRef = 51E5264029DC60F000294B85 /* WalletButtonView.swift */; };
/* End PBXBuildFile section */

/* Begin PBXFileReference section */
		5180F9C429DDBBAD0006920D /* SupportFiles.swift */ = {isa = PBXFileReference; lastKnownFileType = sourcecode.swift; path = SupportFiles.swift; sourceTree = "<group>"; };
		51AB8F3B29DDA9900054A083 /* Model.swift */ = {isa = PBXFileReference; lastKnownFileType = sourcecode.swift; path = Model.swift; sourceTree = "<group>"; };
		51E5262A29DC5E5C00294B85 /* MMTest.app */ = {isa = PBXFileReference; explicitFileType = wrapper.application; includeInIndex = 0; path = MMTest.app; sourceTree = BUILT_PRODUCTS_DIR; };
		51E5262D29DC5E5C00294B85 /* MMTestApp.swift */ = {isa = PBXFileReference; lastKnownFileType = sourcecode.swift; path = MMTestApp.swift; sourceTree = "<group>"; };
		51E5262F29DC5E5C00294B85 /* LoginPage.swift */ = {isa = PBXFileReference; lastKnownFileType = sourcecode.swift; path = LoginPage.swift; sourceTree = "<group>"; };
		51E5263129DC5E5D00294B85 /* Assets.xcassets */ = {isa = PBXFileReference; lastKnownFileType = folder.assetcatalog; path = Assets.xcassets; sourceTree = "<group>"; };
		51E5263429DC5E5D00294B85 /* Preview Assets.xcassets */ = {isa = PBXFileReference; lastKnownFileType = folder.assetcatalog; path = "Preview Assets.xcassets"; sourceTree = "<group>"; };
		51E5263E29DC606300294B85 /* SecondView.swift */ = {isa = PBXFileReference; lastKnownFileType = sourcecode.swift; path = SecondView.swift; sourceTree = "<group>"; };
		51E5264029DC60F000294B85 /* WalletButtonView.swift */ = {isa = PBXFileReference; lastKnownFileType = sourcecode.swift; path = WalletButtonView.swift; sourceTree = "<group>"; };
/* End PBXFileReference section */

/* Begin PBXFrameworksBuildPhase section */
		51E5262729DC5E5C00294B85 /* Frameworks */ = {
			isa = PBXFrameworksBuildPhase;
			buildActionMask = 2147483647;
			files = (
				51E5263D29DC5F8C00294B85 /* Glaip in Frameworks */,
			);
			runOnlyForDeploymentPostprocessing = 0;
		};
/* End PBXFrameworksBuildPhase section */

/* Begin PBXGroup section */
		51E5262129DC5E5C00294B85 = {
			isa = PBXGroup;
			children = (
				51E5262C29DC5E5C00294B85 /* MMTest */,
				51E5262B29DC5E5C00294B85 /* Products */,
			);
			sourceTree = "<group>";
		};
		51E5262B29DC5E5C00294B85 /* Products */ = {
			isa = PBXGroup;
			children = (
				51E5262A29DC5E5C00294B85 /* MMTest.app */,
			);
			name = Products;
			sourceTree = "<group>";
		};
		51E5262C29DC5E5C00294B85 /* MMTest */ = {
			isa = PBXGroup;
			children = (
				51AB8F3B29DDA9900054A083 /* Model.swift */,
				5180F9C429DDBBAD0006920D /* SupportFiles.swift */,
				51E5262D29DC5E5C00294B85 /* MMTestApp.swift */,
				51E5264029DC60F000294B85 /* WalletButtonView.swift */,
				51E5262F29DC5E5C00294B85 /* LoginPage.swift */,
				51E5263E29DC606300294B85 /* SecondView.swift */,
				51E5263129DC5E5D00294B85 /* Assets.xcassets */,
				51E5263329DC5E5D00294B85 /* Preview Content */,
			);
			path = MMTest;
			sourceTree = "<group>";
		};
		51E5263329DC5E5D00294B85 /* Preview Content */ = {
			isa = PBXGroup;
			children = (
				51E5263429DC5E5D00294B85 /* Preview Assets.xcassets */,
			);
			path = "Preview Content";
			sourceTree = "<group>";
		};
/* End PBXGroup section */

/* Begin PBXNativeTarget section */
		51E5262929DC5E5C00294B85 /* MMTest */ = {
			isa = PBXNativeTarget;
			buildConfigurationList = 51E5263829DC5E5D00294B85 /* Build configuration list for PBXNativeTarget "MMTest" */;
			buildPhases = (
				51E5262629DC5E5C00294B85 /* Sources */,
				51E5262729DC5E5C00294B85 /* Frameworks */,
				51E5262829DC5E5C00294B85 /* Resources */,
			);
			buildRules = (
			);
			dependencies = (
			);
			name = MMTest;
			packageProductDependencies = (
				51E5263C29DC5F8C00294B85 /* Glaip */,
			);
			productName = MMTest;
			productReference = 51E5262A29DC5E5C00294B85 /* MMTest.app */;
			productType = "com.apple.product-type.application";
		};
/* End PBXNativeTarget section */

/* Begin PBXProject section */
		51E5262229DC5E5C00294B85 /* Project object */ = {
			isa = PBXProject;
			attributes = {
				BuildIndependentTargetsInParallel = 1;
				LastSwiftUpdateCheck = 1420;
				LastUpgradeCheck = 1420;
				TargetAttributes = {
					51E5262929DC5E5C00294B85 = {
						CreatedOnToolsVersion = 14.2;
					};
				};
			};
			buildConfigurationList = 51E5262529DC5E5C00294B85 /* Build configuration list for PBXProject "MMTest" */;
			compatibilityVersion = "Xcode 14.0";
			developmentRegion = en;
			hasScannedForEncodings = 0;
			knownRegions = (
				en,
				Base,
			);
			mainGroup = 51E5262129DC5E5C00294B85;
			packageReferences = (
				51E5263B29DC5F8C00294B85 /* XCRemoteSwiftPackageReference "Glaip" */,
			);
			productRefGroup = 51E5262B29DC5E5C00294B85 /* Products */;
			projectDirPath = "";
			projectRoot = "";
			targets = (
				51E5262929DC5E5C00294B85 /* MMTest */,
			);
		};
/* End PBXProject section */

/* Begin PBXResourcesBuildPhase section */
		51E5262829DC5E5C00294B85 /* Resources */ = {
			isa = PBXResourcesBuildPhase;
			buildActionMask = 2147483647;
			files = (
				51E5263529DC5E5D00294B85 /* Preview Assets.xcassets in Resources */,
				51E5263229DC5E5D00294B85 /* Assets.xcassets in Resources */,
			);
			runOnlyForDeploymentPostprocessing = 0;
		};
/* End PBXResourcesBuildPhase section */

/* Begin PBXSourcesBuildPhase section */
		51E5262629DC5E5C00294B85 /* Sources */ = {
			isa = PBXSourcesBuildPhase;
			buildActionMask = 2147483647;
			files = (
				51AB8F3C29DDA9900054A083 /* Model.swift in Sources */,
				51E5263F29DC606300294B85 /* SecondView.swift in Sources */,
				51E5264129DC60F000294B85 /* WalletButtonView.swift in Sources */,
				51E5263029DC5E5C00294B85 /* LoginPage.swift in Sources */,
				51E5262E29DC5E5C00294B85 /* MMTestApp.swift in Sources */,
				5180F9C529DDBBAD0006920D /* SupportFiles.swift in Sources */,
			);
			runOnlyForDeploymentPostprocessing = 0;
		};
/* End PBXSourcesBuildPhase section */

/* Begin XCBuildConfiguration section */
		51E5263629DC5E5D00294B85 /* Debug */ = {
			isa = XCBuildConfiguration;
			buildSettings = {
				ALWAYS_SEARCH_USER_PATHS = NO;
				CLANG_ANALYZER_NONNULL = YES;
				CLANG_ANALYZER_NUMBER_OBJECT_CONVERSION = YES_AGGRESSIVE;
				CLANG_CXX_LANGUAGE_STANDARD = "gnu++20";
				CLANG_ENABLE_MODULES = YES;
				CLANG_ENABLE_OBJC_ARC = YES;
				CLANG_ENABLE_OBJC_WEAK = YES;
				CLANG_WARN_BLOCK_CAPTURE_AUTORELEASING = YES;
				CLANG_WARN_BOOL_CONVERSION = YES;
				CLANG_WARN_COMMA = YES;
				CLANG_WARN_CONSTANT_CONVERSION = YES;
				CLANG_WARN_DEPRECATED_OBJC_IMPLEMENTATIONS = YES;
				CLANG_WARN_DIRECT_OBJC_ISA_USAGE = YES_ERROR;
				CLANG_WARN_DOCUMENTATION_COMMENTS = YES;
				CLANG_WARN_EMPTY_BODY = YES;
				CLANG_WARN_ENUM_CONVERSION = YES;
				CLANG_WARN_INFINITE_RECURSION = YES;
				CLANG_WARN_INT_CONVERSION = YES;
				CLANG_WARN_NON_LITERAL_NULL_CONVERSION = YES;
				CLANG_WARN_OBJC_IMPLICIT_RETAIN_SELF = YES;
				CLANG_WARN_OBJC_LITERAL_CONVERSION = YES;
				CLANG_WARN_OBJC_ROOT_CLASS = YES_ERROR;
				CLANG_WARN_QUOTED_INCLUDE_IN_FRAMEWORK_HEADER = YES;
				CLANG_WARN_RANGE_LOOP_ANALYSIS = YES;
				CLANG_WARN_STRICT_PROTOTYPES = YES;
				CLANG_WARN_SUSPICIOUS_MOVE = YES;
				CLANG_WARN_UNGUARDED_AVAILABILITY = YES_AGGRESSIVE;
				CLANG_WARN_UNREACHABLE_CODE = YES;
				CLANG_WARN__DUPLICATE_METHOD_MATCH = YES;
				COPY_PHASE_STRIP = NO;
				DEBUG_INFORMATION_FORMAT = dwarf;
				ENABLE_STRICT_OBJC_MSGSEND = YES;
				ENABLE_TESTABILITY = YES;
				GCC_C_LANGUAGE_STANDARD = gnu11;
				GCC_DYNAMIC_NO_PIC = NO;
				GCC_NO_COMMON_BLOCKS = YES;
				GCC_OPTIMIZATION_LEVEL = 0;
				GCC_PREPROCESSOR_DEFINITIONS = (
					"DEBUG=1",
					"$(inherited)",
				);
				GCC_WARN_64_TO_32_BIT_CONVERSION = YES;
				GCC_WARN_ABOUT_RETURN_TYPE = YES_ERROR;
				GCC_WARN_UNDECLARED_SELECTOR = YES;
				GCC_WARN_UNINITIALIZED_AUTOS = YES_AGGRESSIVE;
				GCC_WARN_UNUSED_FUNCTION = YES;
				GCC_WARN_UNUSED_VARIABLE = YES;
				IPHONEOS_DEPLOYMENT_TARGET = 16.2;
				MTL_ENABLE_DEBUG_INFO = INCLUDE_SOURCE;
				MTL_FAST_MATH = YES;
				ONLY_ACTIVE_ARCH = YES;
				SDKROOT = iphoneos;
				SWIFT_ACTIVE_COMPILATION_CONDITIONS = DEBUG;
				SWIFT_OPTIMIZATION_LEVEL = "-Onone";
			};
			name = Debug;
		};
		51E5263729DC5E5D00294B85 /* Release */ = {
			isa = XCBuildConfiguration;
			buildSettings = {
				ALWAYS_SEARCH_USER_PATHS = NO;
				CLANG_ANALYZER_NONNULL = YES;
				CLANG_ANALYZER_NUMBER_OBJECT_CONVERSION = YES_AGGRESSIVE;
				CLANG_CXX_LANGUAGE_STANDARD = "gnu++20";
				CLANG_ENABLE_MODULES = YES;
				CLANG_ENABLE_OBJC_ARC = YES;
				CLANG_ENABLE_OBJC_WEAK = YES;
				CLANG_WARN_BLOCK_CAPTURE_AUTORELEASING = YES;
				CLANG_WARN_BOOL_CONVERSION = YES;
				CLANG_WARN_COMMA = YES;
				CLANG_WARN_CONSTANT_CONVERSION = YES;
				CLANG_WARN_DEPRECATED_OBJC_IMPLEMENTATIONS = YES;
				CLANG_WARN_DIRECT_OBJC_ISA_USAGE = YES_ERROR;
				CLANG_WARN_DOCUMENTATION_COMMENTS = YES;
				CLANG_WARN_EMPTY_BODY = YES;
				CLANG_WARN_ENUM_CONVERSION = YES;
				CLANG_WARN_INFINITE_RECURSION = YES;
				CLANG_WARN_INT_CONVERSION = YES;
				CLANG_WARN_NON_LITERAL_NULL_CONVERSION = YES;
				CLANG_WARN_OBJC_IMPLICIT_RETAIN_SELF = YES;
				CLANG_WARN_OBJC_LITERAL_CONVERSION = YES;
				CLANG_WARN_OBJC_ROOT_CLASS = YES_ERROR;
				CLANG_WARN_QUOTED_INCLUDE_IN_FRAMEWORK_HEADER = YES;
				CLANG_WARN_RANGE_LOOP_ANALYSIS = YES;
				CLANG_WARN_STRICT_PROTOTYPES = YES;
				CLANG_WARN_SUSPICIOUS_MOVE = YES;
				CLANG_WARN_UNGUARDED_AVAILABILITY = YES_AGGRESSIVE;
				CLANG_WARN_UNREACHABLE_CODE = YES;
				CLANG_WARN__DUPLICATE_METHOD_MATCH = YES;
				COPY_PHASE_STRIP = NO;
				DEBUG_INFORMATION_FORMAT = "dwarf-with-dsym";
				ENABLE_NS_ASSERTIONS = NO;
				ENABLE_STRICT_OBJC_MSGSEND = YES;
				GCC_C_LANGUAGE_STANDARD = gnu11;
				GCC_NO_COMMON_BLOCKS = YES;
				GCC_WARN_64_TO_32_BIT_CONVERSION = YES;
				GCC_WARN_ABOUT_RETURN_TYPE = YES_ERROR;
				GCC_WARN_UNDECLARED_SELECTOR = YES;
				GCC_WARN_UNINITIALIZED_AUTOS = YES_AGGRESSIVE;
				GCC_WARN_UNUSED_FUNCTION = YES;
				GCC_WARN_UNUSED_VARIABLE = YES;
				IPHONEOS_DEPLOYMENT_TARGET = 16.2;
				MTL_ENABLE_DEBUG_INFO = NO;
				MTL_FAST_MATH = YES;
				SDKROOT = iphoneos;
				SWIFT_COMPILATION_MODE = wholemodule;
				SWIFT_OPTIMIZATION_LEVEL = "-O";
				VALIDATE_PRODUCT = YES;
			};
			name = Release;
		};
		51E5263929DC5E5D00294B85 /* Debug */ = {
			isa = XCBuildConfiguration;
			buildSettings = {
				ASSETCATALOG_COMPILER_APPICON_NAME = AppIcon;
				ASSETCATALOG_COMPILER_GLOBAL_ACCENT_COLOR_NAME = AccentColor;
				CODE_SIGN_STYLE = Automatic;
				CURRENT_PROJECT_VERSION = 1;
				DEVELOPMENT_ASSET_PATHS = "\"MMTest/Preview Content\"";
				DEVELOPMENT_TEAM = TAWYGW73VJ;
				ENABLE_PREVIEWS = YES;
				GENERATE_INFOPLIST_FILE = YES;
				INFOPLIST_KEY_UIApplicationSceneManifest_Generation = YES;
				INFOPLIST_KEY_UIApplicationSupportsIndirectInputEvents = YES;
				INFOPLIST_KEY_UILaunchScreen_Generation = YES;
				INFOPLIST_KEY_UISupportedInterfaceOrientations_iPad = "UIInterfaceOrientationPortrait UIInterfaceOrientationPortraitUpsideDown UIInterfaceOrientationLandscapeLeft UIInterfaceOrientationLandscapeRight";
				INFOPLIST_KEY_UISupportedInterfaceOrientations_iPhone = "UIInterfaceOrientationPortrait UIInterfaceOrientationLandscapeLeft UIInterfaceOrientationLandscapeRight";
				LD_RUNPATH_SEARCH_PATHS = (
					"$(inherited)",
					"@executable_path/Frameworks",
				);
				MARKETING_VERSION = 1.0;
				PRODUCT_BUNDLE_IDENTIFIER = kfkdfm.fjksdf;
				PRODUCT_NAME = "$(TARGET_NAME)";
				SWIFT_EMIT_LOC_STRINGS = YES;
				SWIFT_VERSION = 5.0;
				TARGETED_DEVICE_FAMILY = "1,2";
			};
			name = Debug;
		};
		51E5263A29DC5E5D00294B85 /* Release */ = {
			isa = XCBuildConfiguration;
			buildSettings = {
				ASSETCATALOG_COMPILER_APPICON_NAME = AppIcon;
				ASSETCATALOG_COMPILER_GLOBAL_ACCENT_COLOR_NAME = AccentColor;
				CODE_SIGN_STYLE = Automatic;
				CURRENT_PROJECT_VERSION = 1;
				DEVELOPMENT_ASSET_PATHS = "\"MMTest/Preview Content\"";
				DEVELOPMENT_TEAM = TAWYGW73VJ;
				ENABLE_PREVIEWS = YES;
				GENERATE_INFOPLIST_FILE = YES;
				INFOPLIST_KEY_UIApplicationSceneManifest_Generation = YES;
				INFOPLIST_KEY_UIApplicationSupportsIndirectInputEvents = YES;
				INFOPLIST_KEY_UILaunchScreen_Generation = YES;
				INFOPLIST_KEY_UISupportedInterfaceOrientations_iPad = "UIInterfaceOrientationPortrait UIInterfaceOrientationPortraitUpsideDown UIInterfaceOrientationLandscapeLeft UIInterfaceOrientationLandscapeRight";
				INFOPLIST_KEY_UISupportedInterfaceOrientations_iPhone = "UIInterfaceOrientationPortrait UIInterfaceOrientationLandscapeLeft UIInterfaceOrientationLandscapeRight";
				LD_RUNPATH_SEARCH_PATHS = (
					"$(inherited)",
					"@executable_path/Frameworks",
				);
				MARKETING_VERSION = 1.0;
				PRODUCT_BUNDLE_IDENTIFIER = kfkdfm.fjksdf;
				PRODUCT_NAME = "$(TARGET_NAME)";
				SWIFT_EMIT_LOC_STRINGS = YES;
				SWIFT_VERSION = 5.0;
				TARGETED_DEVICE_FAMILY = "1,2";
			};
			name = Release;
		};
/* End XCBuildConfiguration section */

/* Begin XCConfigurationList section */
		51E5262529DC5E5C00294B85 /* Build configuration list for PBXProject "MMTest" */ = {
			isa = XCConfigurationList;
			buildConfigurations = (
				51E5263629DC5E5D00294B85 /* Debug */,
				51E5263729DC5E5D00294B85 /* Release */,
			);
			defaultConfigurationIsVisible = 0;
			defaultConfigurationName = Release;
		};
		51E5263829DC5E5D00294B85 /* Build configuration list for PBXNativeTarget "MMTest" */ = {
			isa = XCConfigurationList;
			buildConfigurations = (
				51E5263929DC5E5D00294B85 /* Debug */,
				51E5263A29DC5E5D00294B85 /* Release */,
			);
			defaultConfigurationIsVisible = 0;
			defaultConfigurationName = Release;
		};
/* End XCConfigurationList section */

/* Begin XCRemoteSwiftPackageReference section */
		51E5263B29DC5F8C00294B85 /* XCRemoteSwiftPackageReference "Glaip" */ = {
			isa = XCRemoteSwiftPackageReference;
			repositoryURL = "https://github.com/maurovz/Glaip.git";
			requirement = {
				branch = main;
				kind = branch;
			};
		};
/* End XCRemoteSwiftPackageReference section */

/* Begin XCSwiftPackageProductDependency section */
		51E5263C29DC5F8C00294B85 /* Glaip */ = {
			isa = XCSwiftPackageProductDependency;
			package = 51E5263B29DC5F8C00294B85 /* XCRemoteSwiftPackageReference "Glaip" */;
			productName = Glaip;
		};
/* End XCSwiftPackageProductDependency section */
	};
	rootObject = 51E5262229DC5E5C00294B85 /* Project object */;
}
